{
  "name": "node-red-contrib-playwright-js",
  "version": "0.2.6",
  "lockfileVersion": 3,
  "requires": true,
  "packages": {
    "": {
      "name": "node-red-contrib-playwright-js",
      "version": "0.2.6",
      "license": "MIT",
      "dependencies": {
        "@zennolab_com/capmonstercloud-client": "^2.0.0",
        "playwright": "^1.40.0"
      },
      "engines": {
        "node": ">=14.0.0"
      },
      "optionalDependencies": {
        "@zennolab_com/capmonstercloud-client": "^2.0.0"
      }
    },
    "node_modules/@zennolab_com/capmonstercloud-client": {
      "version": "2.0.0",
      "resolved": "https://registry.npmjs.org/@zennolab_com/capmonstercloud-client/-/capmonstercloud-client-2.0.0.tgz",
      "integrity": "sha512-auoKUZjeALCz/7Ab6wyqwz8vz3vM8PdhGMys/IWT6sdQqYtT2ngC67jq2gDC1mbuh2vYUK1xbivKQmkQbGyFTg==",
      "license": "ISC",
      "optional": true,
      "dependencies": {
        "debug": "^4.3.4"
      },
      "engines": {
        "node": ">=10"
      }
    },
    "node_modules/debug": {
      "version": "4.4.1",
      "resolved": "https://registry.npmjs.org/debug/-/debug-4.4.1.tgz",
      "integrity": "sha512-KcKCqiftBJcZr++7ykoDIEwSa3XWowTfNPo92BYxjXiyYEVrUQh2aLyhxBCwww+heortUFxEJYcRzosstTEBYQ==",
      "license": "MIT",
      "optional": true,
      "dependencies": {
        "ms": "^2.1.3"
      },
      "engines": {
        "node": ">=6.0"
      },
      "peerDependenciesMeta": {
        "supports-color": {
          "optional": true
        }
      }
    },
    "node_modules/fsevents": {
      "version": "2.3.2",
      "resolved": "https://registry.npmjs.org/fsevents/-/fsevents-2.3.2.tgz",
      "integrity": "sha512-xiqMQR4xAeHTuB9uWm+fFRcIOgKBMiOBP+eXiyT7jsgVCq1bkVygt00oASowB7EdtpOHaaPgKt812P9ab+DDKA==",
      "hasInstallScript": true,
      "license": "MIT",
      "optional": true,
      "os": [
        "darwin"
      ],
      "engines": {
        "node": "^8.16.0 || ^10.6.0 || >=11.0.0"
      }
    },
    "node_modules/ms": {
      "version": "2.1.3",
      "resolved": "https://registry.npmjs.org/ms/-/ms-2.1.3.tgz",
      "integrity": "sha512-6FlzubTLZG3J2a/NVCAleEhjzq5oxgHyaCU9yYXvcLsvoVaHJq/s5xXI6/XXP6tz7R9xAOtHnSO/tXtF3WRTlA==",
      "license": "MIT",
      "optional": true
    },
    "node_modules/playwright": {
      "version": "1.53.2",
      "resolved": "https://registry.npmjs.org/playwright/-/playwright-1.53.2.tgz",
      "integrity": "sha512-6K/qQxVFuVQhRQhFsVZ9fGeatxirtrpPgxzBYWyZLEXJzqYwuL4fuNmfOfD5et1tJE4GScKyPNeLhZeRwuTU3A==",
      "license": "Apache-2.0",
      "dependencies": {
        "playwright-core": "1.53.2"
      },
      "bin": {
        "playwright": "cli.js"
      },
      "engines": {
        "node": ">=18"
      },
      "optionalDependencies": {
        "fsevents": "2.3.2"
      }
    },
    "node_modules/playwright-core": {
      "version": "1.53.2",
      "resolved": "https://registry.npmjs.org/playwright-core/-/playwright-core-1.53.2.tgz",
      "integrity": "sha512-ox/OytMy+2w1jcYEYlOo1Hhp8hZkLCximMTUTMBXjGUA1KoFfiSZ+DU+3a739jsPY0yoKH2TFy9S2fsJas8yAw==",
      "license": "Apache-2.0",
      "bin": {
        "playwright-core": "cli.js"
      },
      "engines": {
        "node": ">=18"
      }
    }
  }
}
